
Microsoft Visual Studio Solution File, Format Version 12.00
# Visual Studio Version 16
VisualStudioVersion = 16.0.30114.105
MinimumVisualStudioVersion = 10.0.40219.1
Project("{FAE04EC0-301F-11D3-BF4B-00C04F79EFBC}") = "AccessibleTourismApp", "AccessibleTourismApp\AccessibleTourismApp\AccessibleTourismApp.csproj", "{9A0023DA-5AE2-4C9D-A6B6-B6CBCC18BF82}"
EndProject
Project("{FAE04EC0-301F-11D3-BF4B-00C04F79EFBC}") = "AccessibleTourismApp.Android", "AccessibleTourismApp\AccessibleTourismApp.Android\AccessibleTourismApp.Android.csproj", "{4DCA7E56-3A08-4E58-9458-767BC6D8A6A3}"
EndProject
Project("{FAE04EC0-301F-11D3-BF4B-00C04F79EFBC}") = "AccessibleTourismApp.iOS", "AccessibleTourismApp\AccessibleTourismApp.iOS\AccessibleTourismApp.iOS.csproj", "{F3412E10-9010-46C8-8D54-B4E410CE04DC}"
EndProject
Global
	GlobalSection(SolutionConfigurationPlatforms) = preSolution
		Ad-Hoc|Any CPU = Ad-Hoc|Any CPU
		Ad-Hoc|iPhone = Ad-Hoc|iPhone
		Ad-Hoc|iPhoneSimulator = Ad-Hoc|iPhoneSimulator
		AppStore|Any CPU = AppStore|Any CPU
		AppStore|iPhone = AppStore|iPhone
		AppStore|iPhoneSimulator = AppStore|iPhoneSimulator
		Debug|Any CPU = Debug|Any CPU
		Debug|iPhone = Debug|iPhone
		Debug|iPhoneSimulator = Debug|iPhoneSimulator
		Release|Any CPU = Release|Any CPU
		Release|iPhone = Release|iPhone
		Release|iPhoneSimulator = Release|iPhoneSimulator
	EndGlobalSection
	GlobalSection(ProjectConfigurationPlatforms) = postSolution
		{9A0023DA-5AE2-4C9D-A6B6-B6CBCC18BF82}.Ad-Hoc|Any CPU.ActiveCfg = Debug|Any CPU
		{9A0023DA-5AE2-4C9D-A6B6-B6CBCC18BF82}.Ad-Hoc|Any CPU.Build.0 = Debug|Any CPU
		{9A0023DA-5AE2-4C9D-A6B6-B6CBCC18BF82}.Ad-Hoc|iPhone.ActiveCfg = Debug|Any CPU
		{9A0023DA-5AE2-4C9D-A6B6-B6CBCC18BF82}.Ad-Hoc|iPhone.Build.0 = Debug|Any CPU
		{9A0023DA-5AE2-4C9D-A6B6-B6CBCC18BF82}.Ad-Hoc|iPhoneSimulator.ActiveCfg = Debug|Any CPU
		{9A0023DA-5AE2-4C9D-A6B6-B6CBCC18BF82}.Ad-Hoc|iPhoneSimulator.Build.0 = Debug|Any CPU
		{9A0023DA-5AE2-4C9D-A6B6-B6CBCC18BF82}.AppStore|Any CPU.ActiveCfg = Debug|Any CPU
		{9A0023DA-5AE2-4C9D-A6B6-B6CBCC18BF82}.AppStore|Any CPU.Build.0 = Debug|Any CPU
		{9A0023DA-5AE2-4C9D-A6B6-B6CBCC18BF82}.AppStore|iPhone.ActiveCfg = Debug|Any CPU
		{9A0023DA-5AE2-4C9D-A6B6-B6CBCC18BF82}.AppStore|iPhone.Build.0 = Debug|Any CPU
		{9A0023DA-5AE2-4C9D-A6B6-B6CBCC18BF82}.AppStore|iPhoneSimulator.ActiveCfg = Debug|Any CPU
		{9A0023DA-5AE2-4C9D-A6B6-B6CBCC18BF82}.AppStore|iPhoneSimulator.Build.0 = Debug|Any CPU
		{9A0023DA-5AE2-4C9D-A6B6-B6CBCC18BF82}.Debug|Any CPU.ActiveCfg = Debug|Any CPU
		{9A0023DA-5AE2-4C9D-A6B6-B6CBCC18BF82}.Debug|Any CPU.Build.0 = Debug|Any CPU
		{9A0023DA-5AE2-4C9D-A6B6-B6CBCC18BF82}.Debug|iPhone.ActiveCfg = Debug|Any CPU
		{9A0023DA-5AE2-4C9D-A6B6-B6CBCC18BF82}.Debug|iPhone.Build.0 = Debug|Any CPU
		{9A0023DA-5AE2-4C9D-A6B6-B6CBCC18BF82}.Debug|iPhoneSimulator.ActiveCfg = Debug|Any CPU
		{9A0023DA-5AE2-4C9D-A6B6-B6CBCC18BF82}.Debug|iPhoneSimulator.Build.0 = Debug|Any CPU
		{9A0023DA-5AE2-4C9D-A6B6-B6CBCC18BF82}.Release|Any CPU.ActiveCfg = Release|Any CPU
		{9A0023DA-5AE2-4C9D-A6B6-B6CBCC18BF82}.Release|Any CPU.Build.0 = Release|Any CPU
		{9A0023DA-5AE2-4C9D-A6B6-B6CBCC18BF82}.Release|iPhone.ActiveCfg = Release|Any CPU
		{9A0023DA-5AE2-4C9D-A6B6-B6CBCC18BF82}.Release|iPhone.Build.0 = Release|Any CPU
		{9A0023DA-5AE2-4C9D-A6B6-B6CBCC18BF82}.Release|iPhoneSimulator.ActiveCfg = Release|Any CPU
		{9A0023DA-5AE2-4C9D-A6B6-B6CBCC18BF82}.Release|iPhoneSimulator.Build.0 = Release|Any CPU
		{4DCA7E56-3A08-4E58-9458-767BC6D8A6A3}.Ad-Hoc|Any CPU.ActiveCfg = Release|Any CPU
		{4DCA7E56-3A08-4E58-9458-767BC6D8A6A3}.Ad-Hoc|Any CPU.Build.0 = Release|Any CPU
		{4DCA7E56-3A08-4E58-9458-767BC6D8A6A3}.Ad-Hoc|Any CPU.Deploy.0 = Release|Any CPU
		{4DCA7E56-3A08-4E58-9458-767BC6D8A6A3}.Ad-Hoc|iPhone.ActiveCfg = Release|Any CPU
		{4DCA7E56-3A08-4E58-9458-767BC6D8A6A3}.Ad-Hoc|iPhone.Build.0 = Release|Any CPU
		{4DCA7E56-3A08-4E58-9458-767BC6D8A6A3}.Ad-Hoc|iPhone.Deploy.0 = Release|Any CPU
		{4DCA7E56-3A08-4E58-9458-767BC6D8A6A3}.Ad-Hoc|iPhoneSimulator.ActiveCfg = Release|Any CPU
		{4DCA7E56-3A08-4E58-9458-767BC6D8A6A3}.Ad-Hoc|iPhoneSimulator.Build.0 = Release|Any CPU
		{4DCA7E56-3A08-4E58-9458-767BC6D8A6A3}.Ad-Hoc|iPhoneSimulator.Deploy.0 = Release|Any CPU
		{4DCA7E56-3A08-4E58-9458-767BC6D8A6A3}.AppStore|Any CPU.ActiveCfg = Release|Any CPU
		{4DCA7E56-3A08-4E58-9458-767BC6D8A6A3}.AppStore|Any CPU.Build.0 = Release|Any CPU
		{4DCA7E56-3A08-4E58-9458-767BC6D8A6A3}.AppStore|Any CPU.Deploy.0 = Release|Any CPU
		{4DCA7E56-3A08-4E58-9458-767BC6D8A6A3}.AppStore|iPhone.ActiveCfg = Release|Any CPU
		{4DCA7E56-3A08-4E58-9458-767BC6D8A6A3}.AppStore|iPhone.Build.0 = Release|Any CPU
		{4DCA7E56-3A08-4E58-9458-767BC6D8A6A3}.AppStore|iPhone.Deploy.0 = Release|Any CPU
		{4DCA7E56-3A08-4E58-9458-767BC6D8A6A3}.AppStore|iPhoneSimulator.ActiveCfg = Release|Any CPU
		{4DCA7E56-3A08-4E58-9458-767BC6D8A6A3}.AppStore|iPhoneSimulator.Build.0 = Release|Any CPU
		{4DCA7E56-3A08-4E58-9458-767BC6D8A6A3}.AppStore|iPhoneSimulator.Deploy.0 = Release|Any CPU
		{4DCA7E56-3A08-4E58-9458-767BC6D8A6A3}.Debug|Any CPU.ActiveCfg = Debug|Any CPU
		{4DCA7E56-3A08-4E58-9458-767BC6D8A6A3}.Debug|Any CPU.Build.0 = Debug|Any CPU
		{4DCA7E56-3A08-4E58-9458-767BC6D8A6A3}.Debug|Any CPU.Deploy.0 = Debug|Any CPU
		{4DCA7E56-3A08-4E58-9458-767BC6D8A6A3}.Debug|iPhone.ActiveCfg = Debug|Any CPU
		{4DCA7E56-3A08-4E58-9458-767BC6D8A6A3}.Debug|iPhone.Build.0 = Debug|Any CPU
		{4DCA7E56-3A08-4E58-9458-767BC6D8A6A3}.Debug|iPhone.Deploy.0 = Debug|Any CPU
		{4DCA7E56-3A08-4E58-9458-767BC6D8A6A3}.Debug|iPhoneSimulator.ActiveCfg = Debug|Any CPU
		{4DCA7E56-3A08-4E58-9458-767BC6D8A6A3}.Debug|iPhoneSimulator.Build.0 = Debug|Any CPU
		{4DCA7E56-3A08-4E58-9458-767BC6D8A6A3}.Debug|iPhoneSimulator.Deploy.0 = Debug|Any CPU
		{4DCA7E56-3A08-4E58-9458-767BC6D8A6A3}.Release|Any CPU.ActiveCfg = Release|Any CPU
		{4DCA7E56-3A08-4E58-9458-767BC6D8A6A3}.Release|Any CPU.Build.0 = Release|Any CPU
		{4DCA7E56-3A08-4E58-9458-767BC6D8A6A3}.Release|Any CPU.Deploy.0 = Release|Any CPU
		{4DCA7E56-3A08-4E58-9458-767BC6D8A6A3}.Release|iPhone.ActiveCfg = Release|Any CPU
		{4DCA7E56-3A08-4E58-9458-767BC6D8A6A3}.Release|iPhone.Build.0 = Release|Any CPU
		{4DCA7E56-3A08-4E58-9458-767BC6D8A6A3}.Release|iPhone.Deploy.0 = Release|Any CPU
		{4DCA7E56-3A08-4E58-9458-767BC6D8A6A3}.Release|iPhoneSimulator.ActiveCfg = Release|Any CPU
		{4DCA7E56-3A08-4E58-9458-767BC6D8A6A3}.Release|iPhoneSimulator.Build.0 = Release|Any CPU
		{4DCA7E56-3A08-4E58-9458-767BC6D8A6A3}.Release|iPhoneSimulator.Deploy.0 = Release|Any CPU
		{F3412E10-9010-46C8-8D54-B4E410CE04DC}.Ad-Hoc|Any CPU.ActiveCfg = Ad-Hoc|iPhone
		{F3412E10-9010-46C8-8D54-B4E410CE04DC}.Ad-Hoc|iPhone.ActiveCfg = Ad-Hoc|iPhone
		{F3412E10-9010-46C8-8D54-B4E410CE04DC}.Ad-Hoc|iPhone.Build.0 = Ad-Hoc|iPhone
		{F3412E10-9010-46C8-8D54-B4E410CE04DC}.Ad-Hoc|iPhoneSimulator.ActiveCfg = Ad-Hoc|iPhoneSimulator
		{F3412E10-9010-46C8-8D54-B4E410CE04DC}.Ad-Hoc|iPhoneSimulator.Build.0 = Ad-Hoc|iPhoneSimulator
		{F3412E10-9010-46C8-8D54-B4E410CE04DC}.AppStore|Any CPU.ActiveCfg = AppStore|iPhone
		{F3412E10-9010-46C8-8D54-B4E410CE04DC}.AppStore|iPhone.ActiveCfg = AppStore|iPhone
		{F3412E10-9010-46C8-8D54-B4E410CE04DC}.AppStore|iPhone.Build.0 = AppStore|iPhone
		{F3412E10-9010-46C8-8D54-B4E410CE04DC}.AppStore|iPhoneSimulator.ActiveCfg = AppStore|iPhoneSimulator
		{F3412E10-9010-46C8-8D54-B4E410CE04DC}.AppStore|iPhoneSimulator.Build.0 = AppStore|iPhoneSimulator
		{F3412E10-9010-46C8-8D54-B4E410CE04DC}.Debug|Any CPU.ActiveCfg = Debug|iPhone
		{F3412E10-9010-46C8-8D54-B4E410CE04DC}.Debug|iPhone.ActiveCfg = Debug|iPhone
		{F3412E10-9010-46C8-8D54-B4E410CE04DC}.Debug|iPhone.Build.0 = Debug|iPhone
		{F3412E10-9010-46C8-8D54-B4E410CE04DC}.Debug|iPhoneSimulator.ActiveCfg = Debug|iPhoneSimulator
		{F3412E10-9010-46C8-8D54-B4E410CE04DC}.Debug|iPhoneSimulator.Build.0 = Debug|iPhoneSimulator
		{F3412E10-9010-46C8-8D54-B4E410CE04DC}.Release|Any CPU.ActiveCfg = Release|iPhone
		{F3412E10-9010-46C8-8D54-B4E410CE04DC}.Release|iPhone.ActiveCfg = Release|iPhone
		{F3412E10-9010-46C8-8D54-B4E410CE04DC}.Release|iPhone.Build.0 = Release|iPhone
		{F3412E10-9010-46C8-8D54-B4E410CE04DC}.Release|iPhoneSimulator.ActiveCfg = Release|iPhoneSimulator
		{F3412E10-9010-46C8-8D54-B4E410CE04DC}.Release|iPhoneSimulator.Build.0 = Release|iPhoneSimulator
	EndGlobalSection
	GlobalSection(SolutionProperties) = preSolution
		HideSolutionNode = FALSE
	EndGlobalSection
	GlobalSection(ExtensibilityGlobals) = postSolution
		SolutionGuid = {AABEF98D-0142-4C46-85AD-7C5E0697A634}
	EndGlobalSection
EndGlobal
